[[package]]
name = "credits.aleo"
network = "mainnet"
location = "network"
checksum = "e185a49fba7f5e477c3fedf8968be9912ae7d8db34531c246041e899175e4d33"
dependencies = []

[[package]]
name = "token_registry.aleo"
network = "mainnet"
location = "network"
checksum = "d799ce57446bce0fc761722244c03f2c462f8f4db945e804a834e8409db5c203"
dependencies = ["credits.aleo"]

[[package]]
name = "wrapped_credits.aleo"
network = "mainnet"
location = "network"
checksum = "ded3b67c4c905f1f0f821411edc055603790f5c8f9a7865aff6c97611c034933"
dependencies = ["credits.aleo", "token_registry.aleo"]

[[package]]
name = "validator_oracle.aleo"
network = "mainnet"
location = "network"
checksum = "ee747d8c8ca543f915c6e8b46de55f039640fc4c4646017cf8774075c17f2030"
dependencies = ["credits.aleo"]

[[package]]
name = "paleo_token.aleo"
network = "mainnet"
location = "network"
checksum = "5e2165178b0a65ba58896d0759ec407b13e5cb503831bcc62ade4f6641a4ce2f"
dependencies = ["credits.aleo", "token_registry.aleo"]

[[package]]
name = "pondo_protocol_token.aleo"
network = "mainnet"
location = "network"
checksum = "c8dbc3537656960509e32c60f12d376e740efd7e7e24aa6fcf959c835f4f4f8f"
dependencies = ["credits.aleo", "token_registry.aleo"]

[[package]]
name = "delegator1.aleo"
network = "mainnet"
location = "network"
checksum = "963d64670cbe43736dd993c5948d5d25bfe99514a2f622f9b21b9649e70ac187"
dependencies = ["credits.aleo", "validator_oracle.aleo"]

[[package]]
name = "delegator2.aleo"
network = "mainnet"
location = "network"
checksum = "3bd40eb8a6f1c4f8930ced8f9ff26d46c79248613934004d09bea146186b0db4"
dependencies = ["credits.aleo", "validator_oracle.aleo"]

[[package]]
name = "delegator3.aleo"
network = "mainnet"
location = "network"
checksum = "e7466ce1ae87476036980acb0604afa686a972d4ed5e39b63762f040246bc614"
dependencies = ["credits.aleo", "validator_oracle.aleo"]

[[package]]
name = "delegator4.aleo"
network = "mainnet"
location = "network"
checksum = "94118037e5060e625f8164bb9c1207090c7b267b281aa843b1e758b39f7a3a71"
dependencies = ["credits.aleo", "validator_oracle.aleo"]

[[package]]
name = "delegator5.aleo"
network = "mainnet"
location = "network"
checksum = "23e3be0b49776fa71ecd37140f68af02c62f8cda48a3e6eb7c846156a3624368"
dependencies = ["credits.aleo", "validator_oracle.aleo"]

[[package]]
name = "pondo_protocol.aleo"
network = "mainnet"
location = "network"
checksum = "7fa10266bb80039541efcab23febf1e7f8e2e14a2993039a756d2ebfd059b88b"
dependencies = ["credits.aleo", "token_registry.aleo", "wrapped_credits.aleo", "validator_oracle.aleo", "paleo_token.aleo", "pondo_protocol_token.aleo", "delegator1.aleo", "delegator2.aleo", "delegator3.aleo", "delegator4.aleo", "delegator5.aleo"]
